
Microsoft Visual Studio Solution File, Format Version 12.00
# Visual Studio Version 16
VisualStudioVersion = 16.0.32630.194
MinimumVisualStudioVersion = 10.0.40219.1
Project("{FAE04EC0-301F-11D3-BF4B-00C04F79EFBC}") = "NHibernateSample", "NHibernateSample\NHibernateSample.csproj", "{EA5977EE-E5D5-4879-B079-D8DFC4E11816}"
EndProject
Global
	GlobalSection(SolutionConfigurationPlatforms) = preSolution
		Debug|Any CPU = Debug|Any CPU
		Release|Any CPU = Release|Any CPU
	EndGlobalSection
	GlobalSection(ProjectConfigurationPlatforms) = postSolution
		{EA5977EE-E5D5-4879-B079-D8DFC4E11816}.Debug|Any CPU.ActiveCfg = Debug|Any CPU
		{EA5977EE-E5D5-4879-B079-D8DFC4E11816}.Debug|Any CPU.Build.0 = Debug|Any CPU
		{EA5977EE-E5D5-4879-B079-D8DFC4E11816}.Release|Any CPU.ActiveCfg = Release|Any CPU
		{EA5977EE-E5D5-4879-B079-D8DFC4E11816}.Release|Any CPU.Build.0 = Release|Any CPU
	EndGlobalSection
	GlobalSection(SolutionProperties) = preSolution
		HideSolutionNode = FALSE
	EndGlobalSection
	GlobalSection(ExtensibilityGlobals) = postSolution
		SolutionGuid = {5F5E6654-8E93-4B34-9711-580A58A25F34}
	EndGlobalSection
EndGlobal
